// !$*UTF8*$!
{
	archiveVersion = 1;
	classes = {
	};
	objectVersion = 55;
	objects = {

/* Begin PBXBuildFile section */
		8B47F28127CBB16500DC5CE3 /* Otus_Homework_1App.swift in Sources */ = {isa = PBXBuildFile; fileRef = 8B47F28027CBB16500DC5CE3 /* Otus_Homework_1App.swift */; };
		8B47F28327CBB16500DC5CE3 /* ContentView.swift in Sources */ = {isa = PBXBuildFile; fileRef = 8B47F28227CBB16500DC5CE3 /* ContentView.swift */; };
		8B47F28527CBB16900DC5CE3 /* Assets.xcassets in Resources */ = {isa = PBXBuildFile; fileRef = 8B47F28427CBB16900DC5CE3 /* Assets.xcassets */; };
		8B47F28827CBB16900DC5CE3 /* Preview Assets.xcassets in Resources */ = {isa = PBXBuildFile; fileRef = 8B47F28727CBB16900DC5CE3 /* Preview Assets.xcassets */; };
		8B47F29327CBB32700DC5CE3 /* FirstTabItemView.swift in Sources */ = {isa = PBXBuildFile; fileRef = 8B47F29227CBB32700DC5CE3 /* FirstTabItemView.swift */; };
		8B47F29527CBB33F00DC5CE3 /* SecondTabItemView.swift in Sources */ = {isa = PBXBuildFile; fileRef = 8B47F29427CBB33F00DC5CE3 /* SecondTabItemView.swift */; };
		8B47F29727CBB34D00DC5CE3 /* ThirdTabItemView.swift in Sources */ = {isa = PBXBuildFile; fileRef = 8B47F29627CBB34D00DC5CE3 /* ThirdTabItemView.swift */; };
		8B47F29B27CBB8A800DC5CE3 /* CountryDetailView.swift in Sources */ = {isa = PBXBuildFile; fileRef = 8B47F29A27CBB8A800DC5CE3 /* CountryDetailView.swift */; };
		8B47F29D27CBB8E200DC5CE3 /* CountryViewModel.swift in Sources */ = {isa = PBXBuildFile; fileRef = 8B47F29C27CBB8E200DC5CE3 /* CountryViewModel.swift */; };
		8B47F2A027CBB8F500DC5CE3 /* Country.swift in Sources */ = {isa = PBXBuildFile; fileRef = 8B47F29F27CBB8F500DC5CE3 /* Country.swift */; };
		8B47F2A627CBD94B00DC5CE3 /* UIKitView.swift in Sources */ = {isa = PBXBuildFile; fileRef = 8B47F2A527CBD94B00DC5CE3 /* UIKitView.swift */; };
/* End PBXBuildFile section */

/* Begin PBXFileReference section */
		8B47F27D27CBB16500DC5CE3 /* Otus_Homework_1.app */ = {isa = PBXFileReference; explicitFileType = wrapper.application; includeInIndex = 0; path = Otus_Homework_1.app; sourceTree = BUILT_PRODUCTS_DIR; };
		8B47F28027CBB16500DC5CE3 /* Otus_Homework_1App.swift */ = {isa = PBXFileReference; lastKnownFileType = sourcecode.swift; path = Otus_Homework_1App.swift; sourceTree = "<group>"; };
		8B47F28227CBB16500DC5CE3 /* ContentView.swift */ = {isa = PBXFileReference; lastKnownFileType = sourcecode.swift; path = ContentView.swift; sourceTree = "<group>"; };
		8B47F28427CBB16900DC5CE3 /* Assets.xcassets */ = {isa = PBXFileReference; lastKnownFileType = folder.assetcatalog; path = Assets.xcassets; sourceTree = "<group>"; };
		8B47F28727CBB16900DC5CE3 /* Preview Assets.xcassets */ = {isa = PBXFileReference; lastKnownFileType = folder.assetcatalog; path = "Preview Assets.xcassets"; sourceTree = "<group>"; };
		8B47F29227CBB32700DC5CE3 /* FirstTabItemView.swift */ = {isa = PBXFileReference; lastKnownFileType = sourcecode.swift; path = FirstTabItemView.swift; sourceTree = "<group>"; };
		8B47F29427CBB33F00DC5CE3 /* SecondTabItemView.swift */ = {isa = PBXFileReference; lastKnownFileType = sourcecode.swift; path = SecondTabItemView.swift; sourceTree = "<group>"; };
		8B47F29627CBB34D00DC5CE3 /* ThirdTabItemView.swift */ = {isa = PBXFileReference; lastKnownFileType = sourcecode.swift; path = ThirdTabItemView.swift; sourceTree = "<group>"; };
		8B47F29A27CBB8A800DC5CE3 /* CountryDetailView.swift */ = {isa = PBXFileReference; lastKnownFileType = sourcecode.swift; path = CountryDetailView.swift; sourceTree = "<group>"; };
		8B47F29C27CBB8E200DC5CE3 /* CountryViewModel.swift */ = {isa = PBXFileReference; lastKnownFileType = sourcecode.swift; path = CountryViewModel.swift; sourceTree = "<group>"; };
		8B47F29F27CBB8F500DC5CE3 /* Country.swift */ = {isa = PBXFileReference; lastKnownFileType = sourcecode.swift; path = Country.swift; sourceTree = "<group>"; };
		8B47F2A527CBD94B00DC5CE3 /* UIKitView.swift */ = {isa = PBXFileReference; lastKnownFileType = sourcecode.swift; path = UIKitView.swift; sourceTree = "<group>"; };
/* End PBXFileReference section */

/* Begin PBXFrameworksBuildPhase section */
		8B47F27A27CBB16500DC5CE3 /* Frameworks */ = {
			isa = PBXFrameworksBuildPhase;
			buildActionMask = 2147483647;
			files = (
			);
			runOnlyForDeploymentPostprocessing = 0;
		};
/* End PBXFrameworksBuildPhase section */

/* Begin PBXGroup section */
		8B47F27427CBB16500DC5CE3 = {
			isa = PBXGroup;
			children = (
				8B47F27F27CBB16500DC5CE3 /* Otus_Homework_1 */,
				8B47F27E27CBB16500DC5CE3 /* Products */,
			);
			sourceTree = "<group>";
		};
		8B47F27E27CBB16500DC5CE3 /* Products */ = {
			isa = PBXGroup;
			children = (
				8B47F27D27CBB16500DC5CE3 /* Otus_Homework_1.app */,
			);
			name = Products;
			sourceTree = "<group>";
		};
		8B47F27F27CBB16500DC5CE3 /* Otus_Homework_1 */ = {
			isa = PBXGroup;
			children = (
				8B47F28027CBB16500DC5CE3 /* Otus_Homework_1App.swift */,
				8B47F2A127CBB8F900DC5CE3 /* Model */,
				8B47F29927CBB37600DC5CE3 /* View */,
				8B47F29E27CBB8E600DC5CE3 /* ViewModel */,
				8B47F28427CBB16900DC5CE3 /* Assets.xcassets */,
				8B47F28627CBB16900DC5CE3 /* Preview Content */,
			);
			path = Otus_Homework_1;
			sourceTree = "<group>";
		};
		8B47F28627CBB16900DC5CE3 /* Preview Content */ = {
			isa = PBXGroup;
			children = (
				8B47F28727CBB16900DC5CE3 /* Preview Assets.xcassets */,
			);
			path = "Preview Content";
			sourceTree = "<group>";
		};
		8B47F29827CBB35500DC5CE3 /* TabBarViews */ = {
			isa = PBXGroup;
			children = (
				8B47F2A427CBBF0A00DC5CE3 /* FirstTabItem */,
				8B47F2A227CBB9D100DC5CE3 /* SecondTabItem */,
				8B47F2A327CBBEFF00DC5CE3 /* ThirdTabItem */,
			);
			path = TabBarViews;
			sourceTree = "<group>";
		};
		8B47F29927CBB37600DC5CE3 /* View */ = {
			isa = PBXGroup;
			children = (
				8B47F28227CBB16500DC5CE3 /* ContentView.swift */,
				8B47F29827CBB35500DC5CE3 /* TabBarViews */,
			);
			path = View;
			sourceTree = "<group>";
		};
		8B47F29E27CBB8E600DC5CE3 /* ViewModel */ = {
			isa = PBXGroup;
			children = (
				8B47F29C27CBB8E200DC5CE3 /* CountryViewModel.swift */,
			);
			path = ViewModel;
			sourceTree = "<group>";
		};
		8B47F2A127CBB8F900DC5CE3 /* Model */ = {
			isa = PBXGroup;
			children = (
				8B47F29F27CBB8F500DC5CE3 /* Country.swift */,
			);
			path = Model;
			sourceTree = "<group>";
		};
		8B47F2A227CBB9D100DC5CE3 /* SecondTabItem */ = {
			isa = PBXGroup;
			children = (
				8B47F29A27CBB8A800DC5CE3 /* CountryDetailView.swift */,
				8B47F29427CBB33F00DC5CE3 /* SecondTabItemView.swift */,
			);
			path = SecondTabItem;
			sourceTree = "<group>";
		};
		8B47F2A327CBBEFF00DC5CE3 /* ThirdTabItem */ = {
			isa = PBXGroup;
			children = (
				8B47F29627CBB34D00DC5CE3 /* ThirdTabItemView.swift */,
				8B47F2A527CBD94B00DC5CE3 /* UIKitView.swift */,
			);
			path = ThirdTabItem;
			sourceTree = "<group>";
		};
		8B47F2A427CBBF0A00DC5CE3 /* FirstTabItem */ = {
			isa = PBXGroup;
			children = (
				8B47F29227CBB32700DC5CE3 /* FirstTabItemView.swift */,
			);
			path = FirstTabItem;
			sourceTree = "<group>";
		};
/* End PBXGroup section */

/* Begin PBXNativeTarget section */
		8B47F27C27CBB16500DC5CE3 /* Otus_Homework_1 */ = {
			isa = PBXNativeTarget;
			buildConfigurationList = 8B47F28B27CBB16900DC5CE3 /* Build configuration list for PBXNativeTarget "Otus_Homework_1" */;
			buildPhases = (
				8B47F27927CBB16500DC5CE3 /* Sources */,
				8B47F27A27CBB16500DC5CE3 /* Frameworks */,
				8B47F27B27CBB16500DC5CE3 /* Resources */,
			);
			buildRules = (
			);
			dependencies = (
			);
			name = Otus_Homework_1;
			productName = Otus_Homework_1;
			productReference = 8B47F27D27CBB16500DC5CE3 /* Otus_Homework_1.app */;
			productType = "com.apple.product-type.application";
		};
/* End PBXNativeTarget section */

/* Begin PBXProject section */
		8B47F27527CBB16500DC5CE3 /* Project object */ = {
			isa = PBXProject;
			attributes = {
				BuildIndependentTargetsInParallel = 1;
				LastSwiftUpdateCheck = 1320;
				LastUpgradeCheck = 1320;
				TargetAttributes = {
					8B47F27C27CBB16500DC5CE3 = {
						CreatedOnToolsVersion = 13.2;
					};
				};
			};
			buildConfigurationList = 8B47F27827CBB16500DC5CE3 /* Build configuration list for PBXProject "Otus_Homework_1" */;
			compatibilityVersion = "Xcode 13.0";
			developmentRegion = en;
			hasScannedForEncodings = 0;
			knownRegions = (
				en,
				Base,
			);
			mainGroup = 8B47F27427CBB16500DC5CE3;
			productRefGroup = 8B47F27E27CBB16500DC5CE3 /* Products */;
			projectDirPath = "";
			projectRoot = "";
			targets = (
				8B47F27C27CBB16500DC5CE3 /* Otus_Homework_1 */,
			);
		};
/* End PBXProject section */

/* Begin PBXResourcesBuildPhase section */
		8B47F27B27CBB16500DC5CE3 /* Resources */ = {
			isa = PBXResourcesBuildPhase;
			buildActionMask = 2147483647;
			files = (
				8B47F28827CBB16900DC5CE3 /* Preview Assets.xcassets in Resources */,
				8B47F28527CBB16900DC5CE3 /* Assets.xcassets in Resources */,
			);
			runOnlyForDeploymentPostprocessing = 0;
		};
/* End PBXResourcesBuildPhase section */

/* Begin PBXSourcesBuildPhase section */
		8B47F27927CBB16500DC5CE3 /* Sources */ = {
			isa = PBXSourcesBuildPhase;
			buildActionMask = 2147483647;
			files = (
				8B47F29B27CBB8A800DC5CE3 /* CountryDetailView.swift in Sources */,
				8B47F29327CBB32700DC5CE3 /* FirstTabItemView.swift in Sources */,
				8B47F29727CBB34D00DC5CE3 /* ThirdTabItemView.swift in Sources */,
				8B47F28327CBB16500DC5CE3 /* ContentView.swift in Sources */,
				8B47F2A027CBB8F500DC5CE3 /* Country.swift in Sources */,
				8B47F28127CBB16500DC5CE3 /* Otus_Homework_1App.swift in Sources */,
				8B47F2A627CBD94B00DC5CE3 /* UIKitView.swift in Sources */,
				8B47F29D27CBB8E200DC5CE3 /* CountryViewModel.swift in Sources */,
				8B47F29527CBB33F00DC5CE3 /* SecondTabItemView.swift in Sources */,
			);
			runOnlyForDeploymentPostprocessing = 0;
		};
/* End PBXSourcesBuildPhase section */

/* Begin XCBuildConfiguration section */
		8B47F28927CBB16900DC5CE3 /* Debug */ = {
			isa = XCBuildConfiguration;
			buildSettings = {
				ALWAYS_SEARCH_USER_PATHS = NO;
				CLANG_ANALYZER_NONNULL = YES;
				CLANG_ANALYZER_NUMBER_OBJECT_CONVERSION = YES_AGGRESSIVE;
				CLANG_CXX_LANGUAGE_STANDARD = "gnu++17";
				CLANG_CXX_LIBRARY = "libc++";
				CLANG_ENABLE_MODULES = YES;
				CLANG_ENABLE_OBJC_ARC = YES;
				CLANG_ENABLE_OBJC_WEAK = YES;
				CLANG_WARN_BLOCK_CAPTURE_AUTORELEASING = YES;
				CLANG_WARN_BOOL_CONVERSION = YES;
				CLANG_WARN_COMMA = YES;
				CLANG_WARN_CONSTANT_CONVERSION = YES;
				CLANG_WARN_DEPRECATED_OBJC_IMPLEMENTATIONS = YES;
				CLANG_WARN_DIRECT_OBJC_ISA_USAGE = YES_ERROR;
				CLANG_WARN_DOCUMENTATION_COMMENTS = YES;
				CLANG_WARN_EMPTY_BODY = YES;
				CLANG_WARN_ENUM_CONVERSION = YES;
				CLANG_WARN_INFINITE_RECURSION = YES;
				CLANG_WARN_INT_CONVERSION = YES;
				CLANG_WARN_NON_LITERAL_NULL_CONVERSION = YES;
				CLANG_WARN_OBJC_IMPLICIT_RETAIN_SELF = YES;
				CLANG_WARN_OBJC_LITERAL_CONVERSION = YES;
				CLANG_WARN_OBJC_ROOT_CLASS = YES_ERROR;
				CLANG_WARN_QUOTED_INCLUDE_IN_FRAMEWORK_HEADER = YES;
				CLANG_WARN_RANGE_LOOP_ANALYSIS = YES;
				CLANG_WARN_STRICT_PROTOTYPES = YES;
				CLANG_WARN_SUSPICIOUS_MOVE = YES;
				CLANG_WARN_UNGUARDED_AVAILABILITY = YES_AGGRESSIVE;
				CLANG_WARN_UNREACHABLE_CODE = YES;
				CLANG_WARN__DUPLICATE_METHOD_MATCH = YES;
				COPY_PHASE_STRIP = NO;
				DEBUG_INFORMATION_FORMAT = dwarf;
				ENABLE_STRICT_OBJC_MSGSEND = YES;
				ENABLE_TESTABILITY = YES;
				GCC_C_LANGUAGE_STANDARD = gnu11;
				GCC_DYNAMIC_NO_PIC = NO;
				GCC_NO_COMMON_BLOCKS = YES;
				GCC_OPTIMIZATION_LEVEL = 0;
				GCC_PREPROCESSOR_DEFINITIONS = (
					"DEBUG=1",
					"$(inherited)",
				);
				GCC_WARN_64_TO_32_BIT_CONVERSION = YES;
				GCC_WARN_ABOUT_RETURN_TYPE = YES_ERROR;
				GCC_WARN_UNDECLARED_SELECTOR = YES;
				GCC_WARN_UNINITIALIZED_AUTOS = YES_AGGRESSIVE;
				GCC_WARN_UNUSED_FUNCTION = YES;
				GCC_WARN_UNUSED_VARIABLE = YES;
				IPHONEOS_DEPLOYMENT_TARGET = 15.2;
				MTL_ENABLE_DEBUG_INFO = INCLUDE_SOURCE;
				MTL_FAST_MATH = YES;
				ONLY_ACTIVE_ARCH = YES;
				SDKROOT = iphoneos;
				SWIFT_ACTIVE_COMPILATION_CONDITIONS = DEBUG;
				SWIFT_OPTIMIZATION_LEVEL = "-Onone";
			};
			name = Debug;
		};
		8B47F28A27CBB16900DC5CE3 /* Release */ = {
			isa = XCBuildConfiguration;
			buildSettings = {
				ALWAYS_SEARCH_USER_PATHS = NO;
				CLANG_ANALYZER_NONNULL = YES;
				CLANG_ANALYZER_NUMBER_OBJECT_CONVERSION = YES_AGGRESSIVE;
				CLANG_CXX_LANGUAGE_STANDARD = "gnu++17";
				CLANG_CXX_LIBRARY = "libc++";
				CLANG_ENABLE_MODULES = YES;
				CLANG_ENABLE_OBJC_ARC = YES;
				CLANG_ENABLE_OBJC_WEAK = YES;
				CLANG_WARN_BLOCK_CAPTURE_AUTORELEASING = YES;
				CLANG_WARN_BOOL_CONVERSION = YES;
				CLANG_WARN_COMMA = YES;
				CLANG_WARN_CONSTANT_CONVERSION = YES;
				CLANG_WARN_DEPRECATED_OBJC_IMPLEMENTATIONS = YES;
				CLANG_WARN_DIRECT_OBJC_ISA_USAGE = YES_ERROR;
				CLANG_WARN_DOCUMENTATION_COMMENTS = YES;
				CLANG_WARN_EMPTY_BODY = YES;
				CLANG_WARN_ENUM_CONVERSION = YES;
				CLANG_WARN_INFINITE_RECURSION = YES;
				CLANG_WARN_INT_CONVERSION = YES;
				CLANG_WARN_NON_LITERAL_NULL_CONVERSION = YES;
				CLANG_WARN_OBJC_IMPLICIT_RETAIN_SELF = YES;
				CLANG_WARN_OBJC_LITERAL_CONVERSION = YES;
				CLANG_WARN_OBJC_ROOT_CLASS = YES_ERROR;
				CLANG_WARN_QUOTED_INCLUDE_IN_FRAMEWORK_HEADER = YES;
				CLANG_WARN_RANGE_LOOP_ANALYSIS = YES;
				CLANG_WARN_STRICT_PROTOTYPES = YES;
				CLANG_WARN_SUSPICIOUS_MOVE = YES;
				CLANG_WARN_UNGUARDED_AVAILABILITY = YES_AGGRESSIVE;
				CLANG_WARN_UNREACHABLE_CODE = YES;
				CLANG_WARN__DUPLICATE_METHOD_MATCH = YES;
				COPY_PHASE_STRIP = NO;
				DEBUG_INFORMATION_FORMAT = "dwarf-with-dsym";
				ENABLE_NS_ASSERTIONS = NO;
				ENABLE_STRICT_OBJC_MSGSEND = YES;
				GCC_C_LANGUAGE_STANDARD = gnu11;
				GCC_NO_COMMON_BLOCKS = YES;
				GCC_WARN_64_TO_32_BIT_CONVERSION = YES;
				GCC_WARN_ABOUT_RETURN_TYPE = YES_ERROR;
				GCC_WARN_UNDECLARED_SELECTOR = YES;
				GCC_WARN_UNINITIALIZED_AUTOS = YES_AGGRESSIVE;
				GCC_WARN_UNUSED_FUNCTION = YES;
				GCC_WARN_UNUSED_VARIABLE = YES;
				IPHONEOS_DEPLOYMENT_TARGET = 15.2;
				MTL_ENABLE_DEBUG_INFO = NO;
				MTL_FAST_MATH = YES;
				SDKROOT = iphoneos;
				SWIFT_COMPILATION_MODE = wholemodule;
				SWIFT_OPTIMIZATION_LEVEL = "-O";
				VALIDATE_PRODUCT = YES;
			};
			name = Release;
		};
		8B47F28C27CBB16900DC5CE3 /* Debug */ = {
			isa = XCBuildConfiguration;
			buildSettings = {
				ASSETCATALOG_COMPILER_APPICON_NAME = AppIcon;
				ASSETCATALOG_COMPILER_GLOBAL_ACCENT_COLOR_NAME = AccentColor;
				CODE_SIGN_STYLE = Automatic;
				CURRENT_PROJECT_VERSION = 1;
				DEVELOPMENT_ASSET_PATHS = "\"Otus_Homework_1/Preview Content\"";
				DEVELOPMENT_TEAM = RJ72JSGMTM;
				ENABLE_PREVIEWS = YES;
				GENERATE_INFOPLIST_FILE = YES;
				INFOPLIST_KEY_UIApplicationSceneManifest_Generation = YES;
				INFOPLIST_KEY_UIApplicationSupportsIndirectInputEvents = YES;
				INFOPLIST_KEY_UILaunchScreen_Generation = YES;
				INFOPLIST_KEY_UISupportedInterfaceOrientations_iPad = "UIInterfaceOrientationPortrait UIInterfaceOrientationPortraitUpsideDown UIInterfaceOrientationLandscapeLeft UIInterfaceOrientationLandscapeRight";
				INFOPLIST_KEY_UISupportedInterfaceOrientations_iPhone = "UIInterfaceOrientationPortrait UIInterfaceOrientationLandscapeLeft UIInterfaceOrientationLandscapeRight";
				LD_RUNPATH_SEARCH_PATHS = (
					"$(inherited)",
					"@executable_path/Frameworks",
				);
				MARKETING_VERSION = 1.0;
				PRODUCT_BUNDLE_IDENTIFIER = "tattelecom.Otus-Homework-1";
				PRODUCT_NAME = "$(TARGET_NAME)";
				SWIFT_EMIT_LOC_STRINGS = YES;
				SWIFT_VERSION = 5.0;
				TARGETED_DEVICE_FAMILY = "1,2";
			};
			name = Debug;
		};
		8B47F28D27CBB16900DC5CE3 /* Release */ = {
			isa = XCBuildConfiguration;
			buildSettings = {
				ASSETCATALOG_COMPILER_APPICON_NAME = AppIcon;
				ASSETCATALOG_COMPILER_GLOBAL_ACCENT_COLOR_NAME = AccentColor;
				CODE_SIGN_STYLE = Automatic;
				CURRENT_PROJECT_VERSION = 1;
				DEVELOPMENT_ASSET_PATHS = "\"Otus_Homework_1/Preview Content\"";
				DEVELOPMENT_TEAM = RJ72JSGMTM;
				ENABLE_PREVIEWS = YES;
				GENERATE_INFOPLIST_FILE = YES;
				INFOPLIST_KEY_UIApplicationSceneManifest_Generation = YES;
				INFOPLIST_KEY_UIApplicationSupportsIndirectInputEvents = YES;
				INFOPLIST_KEY_UILaunchScreen_Generation = YES;
				INFOPLIST_KEY_UISupportedInterfaceOrientations_iPad = "UIInterfaceOrientationPortrait UIInterfaceOrientationPortraitUpsideDown UIInterfaceOrientationLandscapeLeft UIInterfaceOrientationLandscapeRight";
				INFOPLIST_KEY_UISupportedInterfaceOrientations_iPhone = "UIInterfaceOrientationPortrait UIInterfaceOrientationLandscapeLeft UIInterfaceOrientationLandscapeRight";
				LD_RUNPATH_SEARCH_PATHS = (
					"$(inherited)",
					"@executable_path/Frameworks",
				);
				MARKETING_VERSION = 1.0;
				PRODUCT_BUNDLE_IDENTIFIER = "tattelecom.Otus-Homework-1";
				PRODUCT_NAME = "$(TARGET_NAME)";
				SWIFT_EMIT_LOC_STRINGS = YES;
				SWIFT_VERSION = 5.0;
				TARGETED_DEVICE_FAMILY = "1,2";
			};
			name = Release;
		};
/* End XCBuildConfiguration section */

/* Begin XCConfigurationList section */
		8B47F27827CBB16500DC5CE3 /* Build configuration list for PBXProject "Otus_Homework_1" */ = {
			isa = XCConfigurationList;
			buildConfigurations = (
				8B47F28927CBB16900DC5CE3 /* Debug */,
				8B47F28A27CBB16900DC5CE3 /* Release */,
			);
			defaultConfigurationIsVisible = 0;
			defaultConfigurationName = Release;
		};
		8B47F28B27CBB16900DC5CE3 /* Build configuration list for PBXNativeTarget "Otus_Homework_1" */ = {
			isa = XCConfigurationList;
			buildConfigurations = (
				8B47F28C27CBB16900DC5CE3 /* Debug */,
				8B47F28D27CBB16900DC5CE3 /* Release */,
			);
			defaultConfigurationIsVisible = 0;
			defaultConfigurationName = Release;
		};
/* End XCConfigurationList section */
	};
	rootObject = 8B47F27527CBB16500DC5CE3 /* Project object */;
}
